
Microsoft Visual Studio Solution File, Format Version 12.00
# Visual Studio Version 16
VisualStudioVersion = 16.0.31112.23
MinimumVisualStudioVersion = 10.0.40219.1
Project("{FAE04EC0-301F-11D3-BF4B-00C04F79EFBC}") = "Aluguel_carros", "Aluguel_carros_comentar_linha\Aluguel_carros.csproj", "{1AD5DB24-248F-48A0-92A3-F88AD963A9BC}"
EndProject
Global
	GlobalSection(SolutionConfigurationPlatforms) = preSolution
		Debug|Any CPU = Debug|Any CPU
		Release|Any CPU = Release|Any CPU
	EndGlobalSection
	GlobalSection(ProjectConfigurationPlatforms) = postSolution
		{1AD5DB24-248F-48A0-92A3-F88AD963A9BC}.Debug|Any CPU.ActiveCfg = Debug|Any CPU
		{1AD5DB24-248F-48A0-92A3-F88AD963A9BC}.Debug|Any CPU.Build.0 = Debug|Any CPU
		{1AD5DB24-248F-48A0-92A3-F88AD963A9BC}.Release|Any CPU.ActiveCfg = Release|Any CPU
		{1AD5DB24-248F-48A0-92A3-F88AD963A9BC}.Release|Any CPU.Build.0 = Release|Any CPU
	EndGlobalSection
	GlobalSection(SolutionProperties) = preSolution
		HideSolutionNode = FALSE
	EndGlobalSection
	GlobalSection(ExtensibilityGlobals) = postSolution
		SolutionGuid = {860E984F-1761-4ABA-ACFD-C2127C0FCDF4}
	EndGlobalSection
EndGlobal
